
Microsoft Visual Studio Solution File, Format Version 12.00
# Visual Studio Version 17
VisualStudioVersion = 17.2.32616.157
MinimumVisualStudioVersion = 10.0.40219.1
Project("{8BC9CEB8-8B4A-11D0-8D11-00A0C91BC942}") = "MayaAPI", "MayaPlugin\MayaPlugin.vcxproj", "{D63BF82D-0E3A-4634-AF44-A57B0AE9CD59}"
EndProject
Project("{8BC9CEB8-8B4A-11D0-8D11-00A0C91BC942}") = "MayaScene", "MayaScene\MayaScene.vcxproj", "{30BEE126-8B04-4F96-84A1-30CBF8B3E491}"
EndProject
Global
	GlobalSection(SolutionConfigurationPlatforms) = preSolution
		Debug|x64 = Debug|x64
		Debug|x86 = Debug|x86
		DebugMem|x64 = DebugMem|x64
		DebugMem|x86 = DebugMem|x86
		Release|x64 = Release|x64
		Release|x86 = Release|x86
	EndGlobalSection
	GlobalSection(ProjectConfigurationPlatforms) = postSolution
		{D63BF82D-0E3A-4634-AF44-A57B0AE9CD59}.Debug|x64.ActiveCfg = Debug|x64
		{D63BF82D-0E3A-4634-AF44-A57B0AE9CD59}.Debug|x64.Build.0 = Debug|x64
		{D63BF82D-0E3A-4634-AF44-A57B0AE9CD59}.Debug|x86.ActiveCfg = Debug|Win32
		{D63BF82D-0E3A-4634-AF44-A57B0AE9CD59}.Debug|x86.Build.0 = Debug|Win32
		{D63BF82D-0E3A-4634-AF44-A57B0AE9CD59}.DebugMem|x64.ActiveCfg = Debug|x64
		{D63BF82D-0E3A-4634-AF44-A57B0AE9CD59}.DebugMem|x64.Build.0 = Debug|x64
		{D63BF82D-0E3A-4634-AF44-A57B0AE9CD59}.DebugMem|x86.ActiveCfg = Debug|Win32
		{D63BF82D-0E3A-4634-AF44-A57B0AE9CD59}.DebugMem|x86.Build.0 = Debug|Win32
		{D63BF82D-0E3A-4634-AF44-A57B0AE9CD59}.Release|x64.ActiveCfg = Release|x64
		{D63BF82D-0E3A-4634-AF44-A57B0AE9CD59}.Release|x64.Build.0 = Release|x64
		{D63BF82D-0E3A-4634-AF44-A57B0AE9CD59}.Release|x86.ActiveCfg = Release|Win32
		{D63BF82D-0E3A-4634-AF44-A57B0AE9CD59}.Release|x86.Build.0 = Release|Win32
		{30BEE126-8B04-4F96-84A1-30CBF8B3E491}.Debug|x64.ActiveCfg = Debug|x64
		{30BEE126-8B04-4F96-84A1-30CBF8B3E491}.Debug|x64.Build.0 = Debug|x64
		{30BEE126-8B04-4F96-84A1-30CBF8B3E491}.Debug|x86.ActiveCfg = Debug|x64
		{30BEE126-8B04-4F96-84A1-30CBF8B3E491}.Debug|x86.Build.0 = Debug|x64
		{30BEE126-8B04-4F96-84A1-30CBF8B3E491}.DebugMem|x64.ActiveCfg = DebugMem|x64
		{30BEE126-8B04-4F96-84A1-30CBF8B3E491}.DebugMem|x64.Build.0 = DebugMem|x64
		{30BEE126-8B04-4F96-84A1-30CBF8B3E491}.DebugMem|x86.ActiveCfg = DebugMem|x64
		{30BEE126-8B04-4F96-84A1-30CBF8B3E491}.DebugMem|x86.Build.0 = DebugMem|x64
		{30BEE126-8B04-4F96-84A1-30CBF8B3E491}.Release|x64.ActiveCfg = Release|x64
		{30BEE126-8B04-4F96-84A1-30CBF8B3E491}.Release|x64.Build.0 = Release|x64
		{30BEE126-8B04-4F96-84A1-30CBF8B3E491}.Release|x86.ActiveCfg = Release|x64
		{30BEE126-8B04-4F96-84A1-30CBF8B3E491}.Release|x86.Build.0 = Release|x64
	EndGlobalSection
	GlobalSection(SolutionProperties) = preSolution
		HideSolutionNode = FALSE
	EndGlobalSection
	GlobalSection(ExtensibilityGlobals) = postSolution
		SolutionGuid = {A4B841FF-3587-4EFF-A885-80054438744D}
	EndGlobalSection
EndGlobal
