<?xml version="1.0" encoding="utf-8"?>
<Project ToolsVersion="4.0" xmlns="http://schemas.microsoft.com/developer/msbuild/2003">
  <ItemGroup>
    <Filter Include="Header Files">
      <UniqueIdentifier>{e6db077e-b4e3-4bdd-8347-ee71a4934191}</UniqueIdentifier>
    </Filter>
    <Filter Include="Resource Files">
      <UniqueIdentifier>{bf6403cc-1d77-4c2f-9329-8b2145bc1855}</UniqueIdentifier>
    </Filter>
    <Filter Include="Source Files">
      <UniqueIdentifier>{cd9bec99-9711-4fd1-bf6b-b6b6cc5ee9d2}</UniqueIdentifier>
    </Filter>
    <Filter Include="Source Files\Memory">
      <UniqueIdentifier>{93b23922-5724-4bdd-8a7a-7227320a458a}</UniqueIdentifier>
    </Filter>
  </ItemGroup>
  <ItemGroup>
    <ClInclude Include="source\maya_includes.h">
      <Filter>Header Files</Filter>
    </ClInclude>
    <ClInclude Include="..\Memory\Comlib.h">
      <Filter>Source Files\Memory</Filter>
    </ClInclude>
    <ClInclude Include="..\Memory\Headers.h">
      <Filter>Source Files\Memory</Filter>
    </ClInclude>
    <ClInclude Include="..\Memory\Memory.h">
      <Filter>Source Files\Memory</Filter>
    </ClInclude>
    <ClInclude Include="..\Memory\Mutex.h">
      <Filter>Source Files\Memory</Filter>
    </ClInclude>
    <ClInclude Include="..\Memory\CharString.h">
      <Filter>Source Files\Memory</Filter>
    </ClInclude>
    <ClInclude Include="source\Send.h">
      <Filter>Header Files</Filter>
    </ClInclude>
  </ItemGroup>
  <ItemGroup>
    <ClCompile Include="source\Plugin.cpp">
      <Filter>Source Files</Filter>
    </ClCompile>
    <ClCompile Include="..\Memory\Comlib.cpp">
      <Filter>Source Files\Memory</Filter>
    </ClCompile>
    <ClCompile Include="..\Memory\Memory.cpp">
      <Filter>Source Files\Memory</Filter>
    </ClCompile>
    <ClCompile Include="..\Memory\Mutex.cpp">
      <Filter>Source Files\Memory</Filter>
    </ClCompile>
  </ItemGroup>
  <ItemGroup>
    <None Include="loadPlugin.py">
      <Filter>Resource Files</Filter>
    </None>
    <None Include="unloadPlugin.py">
      <Filter>Resource Files</Filter>
    </None>
  </ItemGroup>
</Project>